
Microsoft Visual Studio Solution File, Format Version 12.00
# Visual Studio Version 17
VisualStudioVersion = 17.0.32014.148
MinimumVisualStudioVersion = 10.0.40219.1
Project("{9A19103F-16F7-4668-BE54-9A1E7A4F7556}") = "RFP_EmpWage", "RFP_EmpWage.csproj", "{65256F0F-A1B6-4183-9B52-9F12C2AB5A0C}"
EndProject
Global
	GlobalSection(SolutionConfigurationPlatforms) = preSolution
		Debug|Any CPU = Debug|Any CPU
		Release|Any CPU = Release|Any CPU
	EndGlobalSection
	GlobalSection(ProjectConfigurationPlatforms) = postSolution
		{65256F0F-A1B6-4183-9B52-9F12C2AB5A0C}.Debug|Any CPU.ActiveCfg = Debug|Any CPU
		{65256F0F-A1B6-4183-9B52-9F12C2AB5A0C}.Debug|Any CPU.Build.0 = Debug|Any CPU
		{65256F0F-A1B6-4183-9B52-9F12C2AB5A0C}.Release|Any CPU.ActiveCfg = Release|Any CPU
		{65256F0F-A1B6-4183-9B52-9F12C2AB5A0C}.Release|Any CPU.Build.0 = Release|Any CPU
	EndGlobalSection
	GlobalSection(SolutionProperties) = preSolution
		HideSolutionNode = FALSE
	EndGlobalSection
	GlobalSection(ExtensibilityGlobals) = postSolution
		SolutionGuid = {5445CE44-26A9-46BE-A9E9-79854E2F384A}
	EndGlobalSection
EndGlobal
